
Microsoft Visual Studio Solution File, Format Version 12.00
# Visual Studio 15
VisualStudioVersion = 15.0.27703.2000
MinimumVisualStudioVersion = 10.0.40219.1
Project("{FAE04EC0-301F-11D3-BF4B-00C04F79EFBC}") = "WinForms_homework3_2_bestOil", "WinForms_homework3_2_bestOil\WinForms_homework3_2_bestOil.csproj", "{7330E47F-9268-490A-98CB-F33F42D417C6}"
EndProject
Global
	GlobalSection(SolutionConfigurationPlatforms) = preSolution
		Debug|Any CPU = Debug|Any CPU
		Release|Any CPU = Release|Any CPU
	EndGlobalSection
	GlobalSection(ProjectConfigurationPlatforms) = postSolution
		{7330E47F-9268-490A-98CB-F33F42D417C6}.Debug|Any CPU.ActiveCfg = Debug|Any CPU
		{7330E47F-9268-490A-98CB-F33F42D417C6}.Debug|Any CPU.Build.0 = Debug|Any CPU
		{7330E47F-9268-490A-98CB-F33F42D417C6}.Release|Any CPU.ActiveCfg = Release|Any CPU
		{7330E47F-9268-490A-98CB-F33F42D417C6}.Release|Any CPU.Build.0 = Release|Any CPU
	EndGlobalSection
	GlobalSection(SolutionProperties) = preSolution
		HideSolutionNode = FALSE
	EndGlobalSection
	GlobalSection(ExtensibilityGlobals) = postSolution
		SolutionGuid = {31386C5E-D155-4E20-AF63-8C443B32CCF0}
	EndGlobalSection
EndGlobal
