
Microsoft Visual Studio Solution File, Format Version 12.00
# Visual Studio 15
VisualStudioVersion = 15.0.27428.2043
MinimumVisualStudioVersion = 10.0.40219.1
Project("{FAE04EC0-301F-11D3-BF4B-00C04F79EFBC}") = "WinForms_homework1_5_runaway_static", "WinForms_homework1_5_runaway_static\WinForms_homework1_5_runaway_static.csproj", "{130D4AB2-487E-4F62-887A-3436EC865E39}"
EndProject
Global
	GlobalSection(SolutionConfigurationPlatforms) = preSolution
		Debug|Any CPU = Debug|Any CPU
		Release|Any CPU = Release|Any CPU
	EndGlobalSection
	GlobalSection(ProjectConfigurationPlatforms) = postSolution
		{130D4AB2-487E-4F62-887A-3436EC865E39}.Debug|Any CPU.ActiveCfg = Debug|Any CPU
		{130D4AB2-487E-4F62-887A-3436EC865E39}.Debug|Any CPU.Build.0 = Debug|Any CPU
		{130D4AB2-487E-4F62-887A-3436EC865E39}.Release|Any CPU.ActiveCfg = Release|Any CPU
		{130D4AB2-487E-4F62-887A-3436EC865E39}.Release|Any CPU.Build.0 = Release|Any CPU
	EndGlobalSection
	GlobalSection(SolutionProperties) = preSolution
		HideSolutionNode = FALSE
	EndGlobalSection
	GlobalSection(ExtensibilityGlobals) = postSolution
		SolutionGuid = {DE2B07E5-4DA8-47BA-9E96-36C6C097DD5A}
	EndGlobalSection
EndGlobal
